
Microsoft Visual Studio Solution File, Format Version 12.00
# Visual Studio 15
VisualStudioVersion = 15.0.27130.2003
MinimumVisualStudioVersion = 10.0.40219.1
Project("{FAE04EC0-301F-11D3-BF4B-00C04F79EFBC}") = "exercise8final", "exercise8final\exercise8final.csproj", "{9E44ADD1-FC1C-4B36-A449-3D59E9123B59}"
EndProject
Global
	GlobalSection(SolutionConfigurationPlatforms) = preSolution
		Debug|Any CPU = Debug|Any CPU
		Release|Any CPU = Release|Any CPU
	EndGlobalSection
	GlobalSection(ProjectConfigurationPlatforms) = postSolution
		{9E44ADD1-FC1C-4B36-A449-3D59E9123B59}.Debug|Any CPU.ActiveCfg = Debug|Any CPU
		{9E44ADD1-FC1C-4B36-A449-3D59E9123B59}.Debug|Any CPU.Build.0 = Debug|Any CPU
		{9E44ADD1-FC1C-4B36-A449-3D59E9123B59}.Release|Any CPU.ActiveCfg = Release|Any CPU
		{9E44ADD1-FC1C-4B36-A449-3D59E9123B59}.Release|Any CPU.Build.0 = Release|Any CPU
	EndGlobalSection
	GlobalSection(SolutionProperties) = preSolution
		HideSolutionNode = FALSE
	EndGlobalSection
	GlobalSection(ExtensibilityGlobals) = postSolution
		SolutionGuid = {F4E5361C-DB96-426B-A93A-D3EA163D74A3}
	EndGlobalSection
EndGlobal
